
Microsoft Visual Studio Solution File, Format Version 12.00
# Visual Studio Version 17
VisualStudioVersion = 17.7.34221.43
MinimumVisualStudioVersion = 10.0.40219.1
Project("{FAE04EC0-301F-11D3-BF4B-00C04F79EFBC}") = "Test_Monsters", "Test_Monsters.csproj", "{996E0862-5526-4785-9151-734F58B2E98F}"
EndProject
Global
	GlobalSection(SolutionConfigurationPlatforms) = preSolution
		Debug|Any CPU = Debug|Any CPU
		Release|Any CPU = Release|Any CPU
	EndGlobalSection
	GlobalSection(ProjectConfigurationPlatforms) = postSolution
		{996E0862-5526-4785-9151-734F58B2E98F}.Debug|Any CPU.ActiveCfg = Debug|Any CPU
		{996E0862-5526-4785-9151-734F58B2E98F}.Debug|Any CPU.Build.0 = Debug|Any CPU
		{996E0862-5526-4785-9151-734F58B2E98F}.Release|Any CPU.ActiveCfg = Release|Any CPU
		{996E0862-5526-4785-9151-734F58B2E98F}.Release|Any CPU.Build.0 = Release|Any CPU
	EndGlobalSection
	GlobalSection(SolutionProperties) = preSolution
		HideSolutionNode = FALSE
	EndGlobalSection
	GlobalSection(ExtensibilityGlobals) = postSolution
		SolutionGuid = {90693274-2FED-4E31-9676-6CEF41D3E75A}
	EndGlobalSection
EndGlobal
